
Microsoft Visual Studio Solution File, Format Version 12.00
# Visual Studio 15
VisualStudioVersion = 15.0.27428.2011
MinimumVisualStudioVersion = 10.0.40219.1
Project("{FAE04EC0-301F-11D3-BF4B-00C04F79EFBC}") = "ImageService", "ImageService\ImageService.csproj", "{47694520-5B22-42D3-B027-730302E49D3A}"
EndProject
Project("{FAE04EC0-301F-11D3-BF4B-00C04F79EFBC}") = "ImageServiceGUI", "ImageServiceGUI\ImageServiceGUI.csproj", "{76CE9572-A644-4B54-9A7A-D473548D3359}"
EndProject
Project("{FAE04EC0-301F-11D3-BF4B-00C04F79EFBC}") = "SharedFiles", "SharedFiles\SharedFiles.csproj", "{CC45D99B-5F7D-40EB-91D4-9702201189FC}"
EndProject
Project("{FAE04EC0-301F-11D3-BF4B-00C04F79EFBC}") = "ImageServiceWebApplication", "ImageServiceWebApplication\ImageServiceWebApplication.csproj", "{5DCB2D1A-409E-43EE-8269-5FB31876F658}"
EndProject
Global
	GlobalSection(SolutionConfigurationPlatforms) = preSolution
		Debug|Any CPU = Debug|Any CPU
		Debug|x64 = Debug|x64
		Debug|x86 = Debug|x86
		Release|Any CPU = Release|Any CPU
		Release|x64 = Release|x64
		Release|x86 = Release|x86
	EndGlobalSection
	GlobalSection(ProjectConfigurationPlatforms) = postSolution
		{47694520-5B22-42D3-B027-730302E49D3A}.Debug|Any CPU.ActiveCfg = Debug|Any CPU
		{47694520-5B22-42D3-B027-730302E49D3A}.Debug|Any CPU.Build.0 = Debug|Any CPU
		{47694520-5B22-42D3-B027-730302E49D3A}.Debug|x64.ActiveCfg = Debug|Any CPU
		{47694520-5B22-42D3-B027-730302E49D3A}.Debug|x64.Build.0 = Debug|Any CPU
		{47694520-5B22-42D3-B027-730302E49D3A}.Debug|x86.ActiveCfg = Debug|Any CPU
		{47694520-5B22-42D3-B027-730302E49D3A}.Debug|x86.Build.0 = Debug|Any CPU
		{47694520-5B22-42D3-B027-730302E49D3A}.Release|Any CPU.ActiveCfg = Release|Any CPU
		{47694520-5B22-42D3-B027-730302E49D3A}.Release|Any CPU.Build.0 = Release|Any CPU
		{47694520-5B22-42D3-B027-730302E49D3A}.Release|x64.ActiveCfg = Release|Any CPU
		{47694520-5B22-42D3-B027-730302E49D3A}.Release|x64.Build.0 = Release|Any CPU
		{47694520-5B22-42D3-B027-730302E49D3A}.Release|x86.ActiveCfg = Release|Any CPU
		{47694520-5B22-42D3-B027-730302E49D3A}.Release|x86.Build.0 = Release|Any CPU
		{76CE9572-A644-4B54-9A7A-D473548D3359}.Debug|Any CPU.ActiveCfg = Debug|Any CPU
		{76CE9572-A644-4B54-9A7A-D473548D3359}.Debug|Any CPU.Build.0 = Debug|Any CPU
		{76CE9572-A644-4B54-9A7A-D473548D3359}.Debug|x64.ActiveCfg = Debug|Any CPU
		{76CE9572-A644-4B54-9A7A-D473548D3359}.Debug|x64.Build.0 = Debug|Any CPU
		{76CE9572-A644-4B54-9A7A-D473548D3359}.Debug|x86.ActiveCfg = Debug|Any CPU
		{76CE9572-A644-4B54-9A7A-D473548D3359}.Debug|x86.Build.0 = Debug|Any CPU
		{76CE9572-A644-4B54-9A7A-D473548D3359}.Release|Any CPU.ActiveCfg = Release|Any CPU
		{76CE9572-A644-4B54-9A7A-D473548D3359}.Release|Any CPU.Build.0 = Release|Any CPU
		{76CE9572-A644-4B54-9A7A-D473548D3359}.Release|x64.ActiveCfg = Release|Any CPU
		{76CE9572-A644-4B54-9A7A-D473548D3359}.Release|x64.Build.0 = Release|Any CPU
		{76CE9572-A644-4B54-9A7A-D473548D3359}.Release|x86.ActiveCfg = Release|Any CPU
		{76CE9572-A644-4B54-9A7A-D473548D3359}.Release|x86.Build.0 = Release|Any CPU
		{CC45D99B-5F7D-40EB-91D4-9702201189FC}.Debug|Any CPU.ActiveCfg = Debug|Any CPU
		{CC45D99B-5F7D-40EB-91D4-9702201189FC}.Debug|Any CPU.Build.0 = Debug|Any CPU
		{CC45D99B-5F7D-40EB-91D4-9702201189FC}.Debug|x64.ActiveCfg = Debug|Any CPU
		{CC45D99B-5F7D-40EB-91D4-9702201189FC}.Debug|x64.Build.0 = Debug|Any CPU
		{CC45D99B-5F7D-40EB-91D4-9702201189FC}.Debug|x86.ActiveCfg = Debug|Any CPU
		{CC45D99B-5F7D-40EB-91D4-9702201189FC}.Debug|x86.Build.0 = Debug|Any CPU
		{CC45D99B-5F7D-40EB-91D4-9702201189FC}.Release|Any CPU.ActiveCfg = Release|Any CPU
		{CC45D99B-5F7D-40EB-91D4-9702201189FC}.Release|Any CPU.Build.0 = Release|Any CPU
		{CC45D99B-5F7D-40EB-91D4-9702201189FC}.Release|x64.ActiveCfg = Release|Any CPU
		{CC45D99B-5F7D-40EB-91D4-9702201189FC}.Release|x64.Build.0 = Release|Any CPU
		{CC45D99B-5F7D-40EB-91D4-9702201189FC}.Release|x86.ActiveCfg = Release|Any CPU
		{CC45D99B-5F7D-40EB-91D4-9702201189FC}.Release|x86.Build.0 = Release|Any CPU
		{5DCB2D1A-409E-43EE-8269-5FB31876F658}.Debug|Any CPU.ActiveCfg = Debug|Any CPU
		{5DCB2D1A-409E-43EE-8269-5FB31876F658}.Debug|Any CPU.Build.0 = Debug|Any CPU
		{5DCB2D1A-409E-43EE-8269-5FB31876F658}.Debug|x64.ActiveCfg = Debug|Any CPU
		{5DCB2D1A-409E-43EE-8269-5FB31876F658}.Debug|x64.Build.0 = Debug|Any CPU
		{5DCB2D1A-409E-43EE-8269-5FB31876F658}.Debug|x86.ActiveCfg = Debug|Any CPU
		{5DCB2D1A-409E-43EE-8269-5FB31876F658}.Debug|x86.Build.0 = Debug|Any CPU
		{5DCB2D1A-409E-43EE-8269-5FB31876F658}.Release|Any CPU.ActiveCfg = Release|Any CPU
		{5DCB2D1A-409E-43EE-8269-5FB31876F658}.Release|Any CPU.Build.0 = Release|Any CPU
		{5DCB2D1A-409E-43EE-8269-5FB31876F658}.Release|x64.ActiveCfg = Release|Any CPU
		{5DCB2D1A-409E-43EE-8269-5FB31876F658}.Release|x64.Build.0 = Release|Any CPU
		{5DCB2D1A-409E-43EE-8269-5FB31876F658}.Release|x86.ActiveCfg = Release|Any CPU
		{5DCB2D1A-409E-43EE-8269-5FB31876F658}.Release|x86.Build.0 = Release|Any CPU
	EndGlobalSection
	GlobalSection(SolutionProperties) = preSolution
		HideSolutionNode = FALSE
	EndGlobalSection
	GlobalSection(ExtensibilityGlobals) = postSolution
		SolutionGuid = {52D00BBF-1F2A-4E4F-8655-2E15621F00F6}
	EndGlobalSection
EndGlobal
